// !$*UTF8*$!
{
	archiveVersion = 1;
	classes = {
	};
	objectVersion = 46;
	objects = {

/* Begin PBXBuildFile section */
		260668851DC2FE1500C76045 /* Main.storyboard in Resources */ = {isa = PBXBuildFile; fileRef = 260668841DC2FE1500C76045 /* Main.storyboard */; };
		2606688E1DC47A8700C76045 /* DNRequestFactory.swift in Sources */ = {isa = PBXBuildFile; fileRef = 260668871DC47A8700C76045 /* DNRequestFactory.swift */; };
		2606688F1DC47A8700C76045 /* DNXRequest.swift in Sources */ = {isa = PBXBuildFile; fileRef = 260668881DC47A8700C76045 /* DNXRequest.swift */; };
		260668901DC47A8700C76045 /* GenericSynchronizer.swift in Sources */ = {isa = PBXBuildFile; fileRef = 260668891DC47A8700C76045 /* GenericSynchronizer.swift */; };
		260668911DC47A8700C76045 /* HttpStatusCode.swift in Sources */ = {isa = PBXBuildFile; fileRef = 2606688A1DC47A8700C76045 /* HttpStatusCode.swift */; };
		260668921DC47A8700C76045 /* RequestFactory.swift in Sources */ = {isa = PBXBuildFile; fileRef = 2606688B1DC47A8700C76045 /* RequestFactory.swift */; };
		260668931DC47A8700C76045 /* RequestList.plist in Resources */ = {isa = PBXBuildFile; fileRef = 2606688C1DC47A8700C76045 /* RequestList.plist */; };
		260668941DC47A8700C76045 /* SequentialRequestProcessor.swift in Sources */ = {isa = PBXBuildFile; fileRef = 2606688D1DC47A8700C76045 /* SequentialRequestProcessor.swift */; };
		2606689E1DC5230400C76045 /* AppState.swift in Sources */ = {isa = PBXBuildFile; fileRef = 260668961DC5230400C76045 /* AppState.swift */; };
		2606689F1DC5230400C76045 /* AppStateMatchine.swift in Sources */ = {isa = PBXBuildFile; fileRef = 260668971DC5230400C76045 /* AppStateMatchine.swift */; };
		260668A71DC5248C00C76045 /* DomainTestState.swift in Sources */ = {isa = PBXBuildFile; fileRef = 260668A61DC5248C00C76045 /* DomainTestState.swift */; };
		260668A91DC525FE00C76045 /* DomainTestCases.swift in Sources */ = {isa = PBXBuildFile; fileRef = 260668A81DC525FE00C76045 /* DomainTestCases.swift */; };
		260668AB1DC5264E00C76045 /* DNCoreDocument.swift in Sources */ = {isa = PBXBuildFile; fileRef = 260668AA1DC5264E00C76045 /* DNCoreDocument.swift */; };
		260BB6CD1DBFE7CE008472C2 /* DNSecureFile.swift in Sources */ = {isa = PBXBuildFile; fileRef = 260BB6CC1DBFE7CE008472C2 /* DNSecureFile.swift */; };
		260BB6D31DC12ECB008472C2 /* AlphabeticalSort.swift in Sources */ = {isa = PBXBuildFile; fileRef = 260BB6CF1DC12ECB008472C2 /* AlphabeticalSort.swift */; };
		260BB6D41DC12ECB008472C2 /* DateSort.swift in Sources */ = {isa = PBXBuildFile; fileRef = 260BB6D01DC12ECB008472C2 /* DateSort.swift */; };
		260BB6D51DC12ECB008472C2 /* NumericSort.swift in Sources */ = {isa = PBXBuildFile; fileRef = 260BB6D11DC12ECB008472C2 /* NumericSort.swift */; };
		260BB6D61DC12ECB008472C2 /* SortCommend.swift in Sources */ = {isa = PBXBuildFile; fileRef = 260BB6D21DC12ECB008472C2 /* SortCommend.swift */; };
		260BB6F61DC1A38E008472C2 /* DateFormatter.swift in Sources */ = {isa = PBXBuildFile; fileRef = 260BB6DF1DC1A38E008472C2 /* DateFormatter.swift */; };
		260BB6F71DC1A38E008472C2 /* DNDateFormatter.swift in Sources */ = {isa = PBXBuildFile; fileRef = 260BB6E01DC1A38E008472C2 /* DNDateFormatter.swift */; };
		260BB6F81DC1A38E008472C2 /* FontConfig.swift in Sources */ = {isa = PBXBuildFile; fileRef = 260BB6E21DC1A38E008472C2 /* FontConfig.swift */; };
		260BB6F91DC1A38E008472C2 /* Exo Bold.ttf in Resources */ = {isa = PBXBuildFile; fileRef = 260BB6E41DC1A38E008472C2 /* Exo Bold.ttf */; };
		260BB6FA1DC1A38E008472C2 /* Exo Light.ttf in Resources */ = {isa = PBXBuildFile; fileRef = 260BB6E51DC1A38E008472C2 /* Exo Light.ttf */; };
		260BB6FB1DC1A38E008472C2 /* Exo Regular.ttf in Resources */ = {isa = PBXBuildFile; fileRef = 260BB6E61DC1A38E008472C2 /* Exo Regular.ttf */; };
		260BB6FC1DC1A38E008472C2 /* Lato-Bold.ttf in Resources */ = {isa = PBXBuildFile; fileRef = 260BB6E71DC1A38E008472C2 /* Lato-Bold.ttf */; };
		260BB6FD1DC1A38E008472C2 /* Lato-Light.ttf in Resources */ = {isa = PBXBuildFile; fileRef = 260BB6E81DC1A38E008472C2 /* Lato-Light.ttf */; };
		260BB6FE1DC1A38E008472C2 /* Lato-Regular.ttf in Resources */ = {isa = PBXBuildFile; fileRef = 260BB6E91DC1A38E008472C2 /* Lato-Regular.ttf */; };
		260BB6FF1DC1A38E008472C2 /* Credential.swift in Sources */ = {isa = PBXBuildFile; fileRef = 260BB6EC1DC1A38E008472C2 /* Credential.swift */; };
		260BB7001DC1A38E008472C2 /* OAuth.swift in Sources */ = {isa = PBXBuildFile; fileRef = 260BB6ED1DC1A38E008472C2 /* OAuth.swift */; };
		260BB7031DC1A38E008472C2 /* UserManagement.swift in Sources */ = {isa = PBXBuildFile; fileRef = 260BB6F01DC1A38E008472C2 /* UserManagement.swift */; };
		260BB7041DC1A38E008472C2 /* DNRule.swift in Sources */ = {isa = PBXBuildFile; fileRef = 260BB6F21DC1A38E008472C2 /* DNRule.swift */; };
		260BB7051DC1A38E008472C2 /* DNRuleSystem.swift in Sources */ = {isa = PBXBuildFile; fileRef = 260BB6F31DC1A38E008472C2 /* DNRuleSystem.swift */; };
		260BB7061DC1A38E008472C2 /* ResolutionStrategy.swift in Sources */ = {isa = PBXBuildFile; fileRef = 260BB6F41DC1A38E008472C2 /* ResolutionStrategy.swift */; };
		260BB7071DC1A38E008472C2 /* ValidationRules.swift in Sources */ = {isa = PBXBuildFile; fileRef = 260BB6F51DC1A38E008472C2 /* ValidationRules.swift */; };
		260BB70B1DC1A532008472C2 /* RegistrationForm.swift in Sources */ = {isa = PBXBuildFile; fileRef = 260BB7091DC1A531008472C2 /* RegistrationForm.swift */; };
		260BB70C1DC1A532008472C2 /* UserProfile.swift in Sources */ = {isa = PBXBuildFile; fileRef = 260BB70A1DC1A532008472C2 /* UserProfile.swift */; };
		260BB7111DC1A720008472C2 /* RokomariReader.xcdatamodeld in Sources */ = {isa = PBXBuildFile; fileRef = 260BB70F1DC1A720008472C2 /* RokomariReader.xcdatamodeld */; };
		260BB7131DC1A743008472C2 /* LoginForm.swift in Sources */ = {isa = PBXBuildFile; fileRef = 260BB7121DC1A743008472C2 /* LoginForm.swift */; };
		260BB7151DC1A753008472C2 /* ForgotPassword.swift in Sources */ = {isa = PBXBuildFile; fileRef = 260BB7141DC1A753008472C2 /* ForgotPassword.swift */; };
		260BB71B1DC1A883008472C2 /* AppInfo.swift in Sources */ = {isa = PBXBuildFile; fileRef = 260BB7191DC1A883008472C2 /* AppInfo.swift */; };
		260BB71C1DC1A883008472C2 /* AppStoryboard.swift in Sources */ = {isa = PBXBuildFile; fileRef = 260BB71A1DC1A883008472C2 /* AppStoryboard.swift */; };
		260BB7221DC1A8BF008472C2 /* AppAppearance.swift in Sources */ = {isa = PBXBuildFile; fileRef = 260BB71D1DC1A8BF008472C2 /* AppAppearance.swift */; };
		260BB7231DC1A8BF008472C2 /* AppRuleSystem.swift in Sources */ = {isa = PBXBuildFile; fileRef = 260BB71E1DC1A8BF008472C2 /* AppRuleSystem.swift */; };
		260BB7241DC1A8BF008472C2 /* BackgroundFetchMonitor.swift in Sources */ = {isa = PBXBuildFile; fileRef = 260BB71F1DC1A8BF008472C2 /* BackgroundFetchMonitor.swift */; };
		260BB7251DC1A8C0008472C2 /* DiskUtility.swift in Sources */ = {isa = PBXBuildFile; fileRef = 260BB7201DC1A8BF008472C2 /* DiskUtility.swift */; };
		260BB7261DC1A8C0008472C2 /* SimulatorUtility.swift in Sources */ = {isa = PBXBuildFile; fileRef = 260BB7211DC1A8BF008472C2 /* SimulatorUtility.swift */; };
		261D8ACD1DBF0368004E2577 /* UIImage+Rokomari.swift in Sources */ = {isa = PBXBuildFile; fileRef = 261D8ACC1DBF0368004E2577 /* UIImage+Rokomari.swift */; };
		261D8AE11DBFDB34004E2577 /* RNCryptor.m in Sources */ = {isa = PBXBuildFile; fileRef = 261D8ADA1DBFDB34004E2577 /* RNCryptor.m */; };
		261D8AE21DBFDB34004E2577 /* RNCryptorEngine.m in Sources */ = {isa = PBXBuildFile; fileRef = 261D8ADC1DBFDB34004E2577 /* RNCryptorEngine.m */; };
		261D8AE31DBFDB34004E2577 /* RNDecryptor.m in Sources */ = {isa = PBXBuildFile; fileRef = 261D8ADE1DBFDB34004E2577 /* RNDecryptor.m */; };
		261D8AE41DBFDB34004E2577 /* RNEncryptor.m in Sources */ = {isa = PBXBuildFile; fileRef = 261D8AE01DBFDB34004E2577 /* RNEncryptor.m */; };
		261D8AE81DBFDB69004E2577 /* TRVSMonitor.m in Sources */ = {isa = PBXBuildFile; fileRef = 261D8AE71DBFDB69004E2577 /* TRVSMonitor.m */; };
		261D8AEE1DBFE1E7004E2577 /* KeychainWrapper.m in Sources */ = {isa = PBXBuildFile; fileRef = 261D8AEB1DBFE1E7004E2577 /* KeychainWrapper.m */; };
		261D8AEF1DBFE1E7004E2577 /* UUIDGenerator.m in Sources */ = {isa = PBXBuildFile; fileRef = 261D8AED1DBFE1E7004E2577 /* UUIDGenerator.m */; };
		261D8AF31DBFE236004E2577 /* XMLReader.m in Sources */ = {isa = PBXBuildFile; fileRef = 261D8AF21DBFE236004E2577 /* XMLReader.m */; };
		261D8AF91DBFE4C5004E2577 /* DNFile.swift in Sources */ = {isa = PBXBuildFile; fileRef = 261D8AF51DBFE4C5004E2577 /* DNFile.swift */; };
		261D8AFA1DBFE4C5004E2577 /* DNFolder.swift in Sources */ = {isa = PBXBuildFile; fileRef = 261D8AF61DBFE4C5004E2577 /* DNFolder.swift */; };
		261D8AFB1DBFE4C5004E2577 /* FileWriteQueue.swift in Sources */ = {isa = PBXBuildFile; fileRef = 261D8AF71DBFE4C5004E2577 /* FileWriteQueue.swift */; };
		261D8AFC1DBFE4C5004E2577 /* UTI.swift in Sources */ = {isa = PBXBuildFile; fileRef = 261D8AF81DBFE4C5004E2577 /* UTI.swift */; };
		261D8B021DBFE511004E2577 /* RNCryptorHelper.m in Sources */ = {isa = PBXBuildFile; fileRef = 261D8B001DBFE511004E2577 /* RNCryptorHelper.m */; };
		26257C5C1DC591DA008D6C88 /* User.swift in Sources */ = {isa = PBXBuildFile; fileRef = 26257C5B1DC591DA008D6C88 /* User.swift */; };
		26257C5F1DC59529008D6C88 /* Response.swift in Sources */ = {isa = PBXBuildFile; fileRef = 26257C5E1DC59529008D6C88 /* Response.swift */; };
		26257C611DC666CB008D6C88 /* StoryboardIDs.swift in Sources */ = {isa = PBXBuildFile; fileRef = 26257C601DC666CB008D6C88 /* StoryboardIDs.swift */; };
		26257C631DC666E1008D6C88 /* Notifications.swift in Sources */ = {isa = PBXBuildFile; fileRef = 26257C621DC666E1008D6C88 /* Notifications.swift */; };
		26257C651DC6E13C008D6C88 /* AfterLogin.swift in Sources */ = {isa = PBXBuildFile; fileRef = 26257C641DC6E13C008D6C88 /* AfterLogin.swift */; };
		26257C671DC6E154008D6C88 /* AfterRegistration.swift in Sources */ = {isa = PBXBuildFile; fileRef = 26257C661DC6E154008D6C88 /* AfterRegistration.swift */; };
		26257C691DC7A9FA008D6C88 /* TransactionStack.swift in Sources */ = {isa = PBXBuildFile; fileRef = 26257C681DC7A9FA008D6C88 /* TransactionStack.swift */; };
		264D2C721DEAF6B100617EEA /* DNObject+Extension.swift in Sources */ = {isa = PBXBuildFile; fileRef = 264D2C711DEAF6B100617EEA /* DNObject+Extension.swift */; };
		264D2C751DEF512E00617EEA /* SeliseToolKit.framework in Frameworks */ = {isa = PBXBuildFile; fileRef = 264D2C731DEF512600617EEA /* SeliseToolKit.framework */; };
		264D2C761DEF512E00617EEA /* SeliseToolKit.framework in Embed Frameworks */ = {isa = PBXBuildFile; fileRef = 264D2C731DEF512600617EEA /* SeliseToolKit.framework */; settings = {ATTRIBUTES = (CodeSignOnCopy, RemoveHeadersOnCopy, ); }; };
		264D2C7A1DF1D1B600617EEA /* Validation.swift in Sources */ = {isa = PBXBuildFile; fileRef = 264D2C791DF1D1B600617EEA /* Validation.swift */; };
		264D2C7C1DF2677600617EEA /* Banners.swift in Sources */ = {isa = PBXBuildFile; fileRef = 264D2C7B1DF2677600617EEA /* Banners.swift */; };
		264D2C7E1DF269BC00617EEA /* NameResource.swift in Sources */ = {isa = PBXBuildFile; fileRef = 264D2C7D1DF269BC00617EEA /* NameResource.swift */; };
		264D2C821DF2DE9100617EEA /* ContactUs.swift in Sources */ = {isa = PBXBuildFile; fileRef = 264D2C811DF2DE9100617EEA /* ContactUs.swift */; };
		264D2C841DF3002A00617EEA /* ContactUsForm.swift in Sources */ = {isa = PBXBuildFile; fileRef = 264D2C831DF3002A00617EEA /* ContactUsForm.swift */; };
		264D2C861DF3298900617EEA /* AuthorCatalog.swift in Sources */ = {isa = PBXBuildFile; fileRef = 264D2C851DF3298900617EEA /* AuthorCatalog.swift */; };
		264D2C881DF32A0400617EEA /* PublisherCatalog.swift in Sources */ = {isa = PBXBuildFile; fileRef = 264D2C871DF32A0400617EEA /* PublisherCatalog.swift */; };
		264D2C8A1DF333EB00617EEA /* Review.swift in Sources */ = {isa = PBXBuildFile; fileRef = 264D2C891DF333EB00617EEA /* Review.swift */; };
		264D2C8C1DF3342B00617EEA /* ReviewForm.swift in Sources */ = {isa = PBXBuildFile; fileRef = 264D2C8B1DF3342B00617EEA /* ReviewForm.swift */; };
		264D2C8E1DF33D6200617EEA /* RatingForm.swift in Sources */ = {isa = PBXBuildFile; fileRef = 264D2C8D1DF33D6200617EEA /* RatingForm.swift */; };
		264D2C901DF33DF200617EEA /* Rating.swift in Sources */ = {isa = PBXBuildFile; fileRef = 264D2C8F1DF33DF200617EEA /* Rating.swift */; };
		2650BCF21DE0B60B00DAEDBA /* Query.swift in Sources */ = {isa = PBXBuildFile; fileRef = 2650BCF11DE0B60B00DAEDBA /* Query.swift */; };
		26A945281DE9221100A3A38F /* BookLibrary.swift in Sources */ = {isa = PBXBuildFile; fileRef = 26A945271DE9221100A3A38F /* BookLibrary.swift */; };
		26BC8CA11DFA690500DE01BF /* EBookResource.swift in Sources */ = {isa = PBXBuildFile; fileRef = 26BC8CA01DFA690500DE01BF /* EBookResource.swift */; };
		26BC8CA31DFA69A300DE01BF /* Category.swift in Sources */ = {isa = PBXBuildFile; fileRef = 26BC8CA21DFA69A300DE01BF /* Category.swift */; };
		26BC8CA51DFA69B600DE01BF /* Author.swift in Sources */ = {isa = PBXBuildFile; fileRef = 26BC8CA41DFA69B600DE01BF /* Author.swift */; };
		26BC8CA71DFA69CA00DE01BF /* Publisher.swift in Sources */ = {isa = PBXBuildFile; fileRef = 26BC8CA61DFA69CA00DE01BF /* Publisher.swift */; };
		26BC8CA91DFB1A6D00DE01BF /* Book.swift in Sources */ = {isa = PBXBuildFile; fileRef = 26BC8CA81DFB1A6D00DE01BF /* Book.swift */; };
		26DBF0141DBE979100BB6030 /* AppDelegate.swift in Sources */ = {isa = PBXBuildFile; fileRef = 26DBF0131DBE979100BB6030 /* AppDelegate.swift */; };
		26DBF0161DBE979100BB6030 /* ViewController.swift in Sources */ = {isa = PBXBuildFile; fileRef = 26DBF0151DBE979100BB6030 /* ViewController.swift */; };
		26DBF01B1DBE979200BB6030 /* Assets.xcassets in Resources */ = {isa = PBXBuildFile; fileRef = 26DBF01A1DBE979200BB6030 /* Assets.xcassets */; };
		26DBF01E1DBE979200BB6030 /* LaunchScreen.storyboard in Resources */ = {isa = PBXBuildFile; fileRef = 26DBF01C1DBE979200BB6030 /* LaunchScreen.storyboard */; };
		26DBF0291DBE979200BB6030 /* RokomariReaderTests.swift in Sources */ = {isa = PBXBuildFile; fileRef = 26DBF0281DBE979200BB6030 /* RokomariReaderTests.swift */; };
		26DBF0341DBE979200BB6030 /* RokomariReaderUITests.swift in Sources */ = {isa = PBXBuildFile; fileRef = 26DBF0331DBE979200BB6030 /* RokomariReaderUITests.swift */; };
		26DBF0491DBE98AF00BB6030 /* AssetsCatalog.swift in Sources */ = {isa = PBXBuildFile; fileRef = 26DBF0481DBE98AF00BB6030 /* AssetsCatalog.swift */; };
		CE2524941E403A6D00BA7273 /* RegistrationTVC.swift in Sources */ = {isa = PBXBuildFile; fileRef = CE2524931E403A6D00BA7273 /* RegistrationTVC.swift */; };
		CE2524971E404F1A00BA7273 /* ForgetPasswordTVC.swift in Sources */ = {isa = PBXBuildFile; fileRef = CE2524961E404F1A00BA7273 /* ForgetPasswordTVC.swift */; };
		CE4FDF061E059F3D0084A107 /* LoginTVC.swift in Sources */ = {isa = PBXBuildFile; fileRef = CE4FDF051E059F3D0084A107 /* LoginTVC.swift */; };
		CE4FDF071E059F3D0084A107 /* LoginTVC.swift in Sources */ = {isa = PBXBuildFile; fileRef = CE4FDF051E059F3D0084A107 /* LoginTVC.swift */; };
		CE9D8EE21E43A16800FAE669 /* MegaGridTvc.swift in Sources */ = {isa = PBXBuildFile; fileRef = CE9D8EDE1E43A16800FAE669 /* MegaGridTvc.swift */; };
		CE9D8EE31E43A16800FAE669 /* CustomTableViewCell.swift in Sources */ = {isa = PBXBuildFile; fileRef = CE9D8EDF1E43A16800FAE669 /* CustomTableViewCell.swift */; };
		CE9D8EE41E43A16800FAE669 /* AuthorTableViewCell.swift in Sources */ = {isa = PBXBuildFile; fileRef = CE9D8EE01E43A16800FAE669 /* AuthorTableViewCell.swift */; };
		CE9D8EE51E43A16800FAE669 /* PopularCollectionViewCell.swift in Sources */ = {isa = PBXBuildFile; fileRef = CE9D8EE11E43A16800FAE669 /* PopularCollectionViewCell.swift */; };
/* End PBXBuildFile section */

/* Begin PBXContainerItemProxy section */
		26DBF0251DBE979200BB6030 /* PBXContainerItemProxy */ = {
			isa = PBXContainerItemProxy;
			containerPortal = 26DBF0081DBE979000BB6030 /* Project object */;
			proxyType = 1;
			remoteGlobalIDString = 26DBF00F1DBE979000BB6030;
			remoteInfo = RokomariReader;
		};
		26DBF0301DBE979200BB6030 /* PBXContainerItemProxy */ = {
			isa = PBXContainerItemProxy;
			containerPortal = 26DBF0081DBE979000BB6030 /* Project object */;
			proxyType = 1;
			remoteGlobalIDString = 26DBF00F1DBE979000BB6030;
			remoteInfo = RokomariReader;
		};
/* End PBXContainerItemProxy section */

/* Begin PBXCopyFilesBuildPhase section */
		264D2C771DEF512E00617EEA /* Embed Frameworks */ = {
			isa = PBXCopyFilesBuildPhase;
			buildActionMask = 2147483647;
			dstPath = "";
			dstSubfolderSpec = 10;
			files = (
				264D2C761DEF512E00617EEA /* SeliseToolKit.framework in Embed Frameworks */,
			);
			name = "Embed Frameworks";
			runOnlyForDeploymentPostprocessing = 0;
		};
/* End PBXCopyFilesBuildPhase section */

/* Begin PBXFileReference section */
		260668841DC2FE1500C76045 /* Main.storyboard */ = {isa = PBXFileReference; fileEncoding = 4; lastKnownFileType = file.storyboard; path = Main.storyboard; sourceTree = "<group>"; };
		260668871DC47A8700C76045 /* DNRequestFactory.swift */ = {isa = PBXFileReference; fileEncoding = 4; lastKnownFileType = sourcecode.swift; path = DNRequestFactory.swift; sourceTree = "<group>"; };
		260668881DC47A8700C76045 /* DNXRequest.swift */ = {isa = PBXFileReference; fileEncoding = 4; lastKnownFileType = sourcecode.swift; path = DNXRequest.swift; sourceTree = "<group>"; };
		260668891DC47A8700C76045 /* GenericSynchronizer.swift */ = {isa = PBXFileReference; fileEncoding = 4; lastKnownFileType = sourcecode.swift; path = GenericSynchronizer.swift; sourceTree = "<group>"; };
		2606688A1DC47A8700C76045 /* HttpStatusCode.swift */ = {isa = PBXFileReference; fileEncoding = 4; lastKnownFileType = sourcecode.swift; path = HttpStatusCode.swift; sourceTree = "<group>"; };
		2606688B1DC47A8700C76045 /* RequestFactory.swift */ = {isa = PBXFileReference; fileEncoding = 4; lastKnownFileType = sourcecode.swift; path = RequestFactory.swift; sourceTree = "<group>"; };
		2606688C1DC47A8700C76045 /* RequestList.plist */ = {isa = PBXFileReference; fileEncoding = 4; lastKnownFileType = text.plist.xml; path = RequestList.plist; sourceTree = "<group>"; };
		2606688D1DC47A8700C76045 /* SequentialRequestProcessor.swift */ = {isa = PBXFileReference; fileEncoding = 4; lastKnownFileType = sourcecode.swift; path = SequentialRequestProcessor.swift; sourceTree = "<group>"; };
		260668961DC5230400C76045 /* AppState.swift */ = {isa = PBXFileReference; fileEncoding = 4; lastKnownFileType = sourcecode.swift; path = AppState.swift; sourceTree = "<group>"; };
		260668971DC5230400C76045 /* AppStateMatchine.swift */ = {isa = PBXFileReference; fileEncoding = 4; lastKnownFileType = sourcecode.swift; path = AppStateMatchine.swift; sourceTree = "<group>"; };
		260668A61DC5248C00C76045 /* DomainTestState.swift */ = {isa = PBXFileReference; fileEncoding = 4; lastKnownFileType = sourcecode.swift; path = DomainTestState.swift; sourceTree = "<group>"; };
		260668A81DC525FE00C76045 /* DomainTestCases.swift */ = {isa = PBXFileReference; fileEncoding = 4; lastKnownFileType = sourcecode.swift; path = DomainTestCases.swift; sourceTree = "<group>"; };
		260668AA1DC5264E00C76045 /* DNCoreDocument.swift */ = {isa = PBXFileReference; fileEncoding = 4; lastKnownFileType = sourcecode.swift; path = DNCoreDocument.swift; sourceTree = "<group>"; };
		260BB6CC1DBFE7CE008472C2 /* DNSecureFile.swift */ = {isa = PBXFileReference; fileEncoding = 4; lastKnownFileType = sourcecode.swift; path = DNSecureFile.swift; sourceTree = "<group>"; };
		260BB6CF1DC12ECB008472C2 /* AlphabeticalSort.swift */ = {isa = PBXFileReference; fileEncoding = 4; lastKnownFileType = sourcecode.swift; path = AlphabeticalSort.swift; sourceTree = "<group>"; };
		260BB6D01DC12ECB008472C2 /* DateSort.swift */ = {isa = PBXFileReference; fileEncoding = 4; lastKnownFileType = sourcecode.swift; path = DateSort.swift; sourceTree = "<group>"; };
		260BB6D11DC12ECB008472C2 /* NumericSort.swift */ = {isa = PBXFileReference; fileEncoding = 4; lastKnownFileType = sourcecode.swift; path = NumericSort.swift; sourceTree = "<group>"; };
		260BB6D21DC12ECB008472C2 /* SortCommend.swift */ = {isa = PBXFileReference; fileEncoding = 4; lastKnownFileType = sourcecode.swift; path = SortCommend.swift; sourceTree = "<group>"; };
		260BB6DF1DC1A38E008472C2 /* DateFormatter.swift */ = {isa = PBXFileReference; fileEncoding = 4; lastKnownFileType = sourcecode.swift; path = DateFormatter.swift; sourceTree = "<group>"; };
		260BB6E01DC1A38E008472C2 /* DNDateFormatter.swift */ = {isa = PBXFileReference; fileEncoding = 4; lastKnownFileType = sourcecode.swift; path = DNDateFormatter.swift; sourceTree = "<group>"; };
		260BB6E21DC1A38E008472C2 /* FontConfig.swift */ = {isa = PBXFileReference; fileEncoding = 4; lastKnownFileType = sourcecode.swift; path = FontConfig.swift; sourceTree = "<group>"; };
		260BB6E41DC1A38E008472C2 /* Exo Bold.ttf */ = {isa = PBXFileReference; lastKnownFileType = file; path = "Exo Bold.ttf"; sourceTree = "<group>"; };
		260BB6E51DC1A38E008472C2 /* Exo Light.ttf */ = {isa = PBXFileReference; lastKnownFileType = file; path = "Exo Light.ttf"; sourceTree = "<group>"; };
		260BB6E61DC1A38E008472C2 /* Exo Regular.ttf */ = {isa = PBXFileReference; lastKnownFileType = file; path = "Exo Regular.ttf"; sourceTree = "<group>"; };
		260BB6E71DC1A38E008472C2 /* Lato-Bold.ttf */ = {isa = PBXFileReference; lastKnownFileType = file; path = "Lato-Bold.ttf"; sourceTree = "<group>"; };
		260BB6E81DC1A38E008472C2 /* Lato-Light.ttf */ = {isa = PBXFileReference; lastKnownFileType = file; path = "Lato-Light.ttf"; sourceTree = "<group>"; };
		260BB6E91DC1A38E008472C2 /* Lato-Regular.ttf */ = {isa = PBXFileReference; lastKnownFileType = file; path = "Lato-Regular.ttf"; sourceTree = "<group>"; };
		260BB6EC1DC1A38E008472C2 /* Credential.swift */ = {isa = PBXFileReference; fileEncoding = 4; lastKnownFileType = sourcecode.swift; path = Credential.swift; sourceTree = "<group>"; };
		260BB6ED1DC1A38E008472C2 /* OAuth.swift */ = {isa = PBXFileReference; fileEncoding = 4; lastKnownFileType = sourcecode.swift; path = OAuth.swift; sourceTree = "<group>"; };
		260BB6F01DC1A38E008472C2 /* UserManagement.swift */ = {isa = PBXFileReference; fileEncoding = 4; lastKnownFileType = sourcecode.swift; path = UserManagement.swift; sourceTree = "<group>"; };
		260BB6F21DC1A38E008472C2 /* DNRule.swift */ = {isa = PBXFileReference; fileEncoding = 4; lastKnownFileType = sourcecode.swift; path = DNRule.swift; sourceTree = "<group>"; };
		260BB6F31DC1A38E008472C2 /* DNRuleSystem.swift */ = {isa = PBXFileReference; fileEncoding = 4; lastKnownFileType = sourcecode.swift; path = DNRuleSystem.swift; sourceTree = "<group>"; };
		260BB6F41DC1A38E008472C2 /* ResolutionStrategy.swift */ = {isa = PBXFileReference; fileEncoding = 4; lastKnownFileType = sourcecode.swift; path = ResolutionStrategy.swift; sourceTree = "<group>"; };
		260BB6F51DC1A38E008472C2 /* ValidationRules.swift */ = {isa = PBXFileReference; fileEncoding = 4; lastKnownFileType = sourcecode.swift; path = ValidationRules.swift; sourceTree = "<group>"; };
		260BB7091DC1A531008472C2 /* RegistrationForm.swift */ = {isa = PBXFileReference; fileEncoding = 4; lastKnownFileType = sourcecode.swift; path = RegistrationForm.swift; sourceTree = "<group>"; };
		260BB70A1DC1A532008472C2 /* UserProfile.swift */ = {isa = PBXFileReference; fileEncoding = 4; lastKnownFileType = sourcecode.swift; path = UserProfile.swift; sourceTree = "<group>"; };
		260BB7101DC1A720008472C2 /* RokomariReader.xcdatamodel */ = {isa = PBXFileReference; lastKnownFileType = wrapper.xcdatamodel; path = RokomariReader.xcdatamodel; sourceTree = "<group>"; };
		260BB7121DC1A743008472C2 /* LoginForm.swift */ = {isa = PBXFileReference; fileEncoding = 4; lastKnownFileType = sourcecode.swift; path = LoginForm.swift; sourceTree = "<group>"; };
		260BB7141DC1A753008472C2 /* ForgotPassword.swift */ = {isa = PBXFileReference; fileEncoding = 4; lastKnownFileType = sourcecode.swift; path = ForgotPassword.swift; sourceTree = "<group>"; };
		260BB7191DC1A883008472C2 /* AppInfo.swift */ = {isa = PBXFileReference; fileEncoding = 4; lastKnownFileType = sourcecode.swift; path = AppInfo.swift; sourceTree = "<group>"; };
		260BB71A1DC1A883008472C2 /* AppStoryboard.swift */ = {isa = PBXFileReference; fileEncoding = 4; lastKnownFileType = sourcecode.swift; path = AppStoryboard.swift; sourceTree = "<group>"; };
		260BB71D1DC1A8BF008472C2 /* AppAppearance.swift */ = {isa = PBXFileReference; fileEncoding = 4; lastKnownFileType = sourcecode.swift; path = AppAppearance.swift; sourceTree = "<group>"; };
		260BB71E1DC1A8BF008472C2 /* AppRuleSystem.swift */ = {isa = PBXFileReference; fileEncoding = 4; lastKnownFileType = sourcecode.swift; path = AppRuleSystem.swift; sourceTree = "<group>"; };
		260BB71F1DC1A8BF008472C2 /* BackgroundFetchMonitor.swift */ = {isa = PBXFileReference; fileEncoding = 4; lastKnownFileType = sourcecode.swift; path = BackgroundFetchMonitor.swift; sourceTree = "<group>"; };
		260BB7201DC1A8BF008472C2 /* DiskUtility.swift */ = {isa = PBXFileReference; fileEncoding = 4; lastKnownFileType = sourcecode.swift; path = DiskUtility.swift; sourceTree = "<group>"; };
		260BB7211DC1A8BF008472C2 /* SimulatorUtility.swift */ = {isa = PBXFileReference; fileEncoding = 4; lastKnownFileType = sourcecode.swift; path = SimulatorUtility.swift; sourceTree = "<group>"; };
		261D8ACC1DBF0368004E2577 /* UIImage+Rokomari.swift */ = {isa = PBXFileReference; fileEncoding = 4; lastKnownFileType = sourcecode.swift; path = "UIImage+Rokomari.swift"; sourceTree = "<group>"; };
		261D8ACF1DBF0421004E2577 /* RokomariReader-Bridging-Header.h */ = {isa = PBXFileReference; fileEncoding = 4; lastKnownFileType = sourcecode.c.h; path = "RokomariReader-Bridging-Header.h"; sourceTree = "<group>"; };
		261D8AD61DBFDB34004E2577 /* RNCryptor+Private.h */ = {isa = PBXFileReference; fileEncoding = 4; lastKnownFileType = sourcecode.c.h; path = "RNCryptor+Private.h"; sourceTree = "<group>"; };
		261D8AD71DBFDB34004E2577 /* RNCryptor+Swift.h */ = {isa = PBXFileReference; fileEncoding = 4; lastKnownFileType = sourcecode.c.h; path = "RNCryptor+Swift.h"; sourceTree = "<group>"; };
		261D8AD81DBFDB34004E2577 /* RNCryptor-Prefix.pch */ = {isa = PBXFileReference; fileEncoding = 4; lastKnownFileType = sourcecode.c.h; path = "RNCryptor-Prefix.pch"; sourceTree = "<group>"; };
		261D8AD91DBFDB34004E2577 /* RNCryptor.h */ = {isa = PBXFileReference; fileEncoding = 4; lastKnownFileType = sourcecode.c.h; path = RNCryptor.h; sourceTree = "<group>"; };
		261D8ADA1DBFDB34004E2577 /* RNCryptor.m */ = {isa = PBXFileReference; fileEncoding = 4; lastKnownFileType = sourcecode.c.objc; path = RNCryptor.m; sourceTree = "<group>"; };
		261D8ADB1DBFDB34004E2577 /* RNCryptorEngine.h */ = {isa = PBXFileReference; fileEncoding = 4; lastKnownFileType = sourcecode.c.h; path = RNCryptorEngine.h; sourceTree = "<group>"; };
		261D8ADC1DBFDB34004E2577 /* RNCryptorEngine.m */ = {isa = PBXFileReference; fileEncoding = 4; lastKnownFileType = sourcecode.c.objc; path = RNCryptorEngine.m; sourceTree = "<group>"; };
		261D8ADD1DBFDB34004E2577 /* RNDecryptor.h */ = {isa = PBXFileReference; fileEncoding = 4; lastKnownFileType = sourcecode.c.h; path = RNDecryptor.h; sourceTree = "<group>"; };
		261D8ADE1DBFDB34004E2577 /* RNDecryptor.m */ = {isa = PBXFileReference; fileEncoding = 4; lastKnownFileType = sourcecode.c.objc; path = RNDecryptor.m; sourceTree = "<group>"; };
		261D8ADF1DBFDB34004E2577 /* RNEncryptor.h */ = {isa = PBXFileReference; fileEncoding = 4; lastKnownFileType = sourcecode.c.h; path = RNEncryptor.h; sourceTree = "<group>"; };
		261D8AE01DBFDB34004E2577 /* RNEncryptor.m */ = {isa = PBXFileReference; fileEncoding = 4; lastKnownFileType = sourcecode.c.objc; path = RNEncryptor.m; sourceTree = "<group>"; };
		261D8AE61DBFDB69004E2577 /* TRVSMonitor.h */ = {isa = PBXFileReference; fileEncoding = 4; lastKnownFileType = sourcecode.c.h; path = TRVSMonitor.h; sourceTree = "<group>"; };
		261D8AE71DBFDB69004E2577 /* TRVSMonitor.m */ = {isa = PBXFileReference; fileEncoding = 4; lastKnownFileType = sourcecode.c.objc; path = TRVSMonitor.m; sourceTree = "<group>"; };
		261D8AEA1DBFE1E7004E2577 /* KeychainWrapper.h */ = {isa = PBXFileReference; fileEncoding = 4; lastKnownFileType = sourcecode.c.h; path = KeychainWrapper.h; sourceTree = "<group>"; };
		261D8AEB1DBFE1E7004E2577 /* KeychainWrapper.m */ = {isa = PBXFileReference; fileEncoding = 4; lastKnownFileType = sourcecode.c.objc; path = KeychainWrapper.m; sourceTree = "<group>"; };
		261D8AEC1DBFE1E7004E2577 /* UUIDGenerator.h */ = {isa = PBXFileReference; fileEncoding = 4; lastKnownFileType = sourcecode.c.h; path = UUIDGenerator.h; sourceTree = "<group>"; };
		261D8AED1DBFE1E7004E2577 /* UUIDGenerator.m */ = {isa = PBXFileReference; fileEncoding = 4; lastKnownFileType = sourcecode.c.objc; path = UUIDGenerator.m; sourceTree = "<group>"; };
		261D8AF11DBFE236004E2577 /* XMLReader.h */ = {isa = PBXFileReference; fileEncoding = 4; lastKnownFileType = sourcecode.c.h; path = XMLReader.h; sourceTree = "<group>"; };
		261D8AF21DBFE236004E2577 /* XMLReader.m */ = {isa = PBXFileReference; fileEncoding = 4; lastKnownFileType = sourcecode.c.objc; path = XMLReader.m; sourceTree = "<group>"; };
		261D8AF51DBFE4C5004E2577 /* DNFile.swift */ = {isa = PBXFileReference; fileEncoding = 4; lastKnownFileType = sourcecode.swift; path = DNFile.swift; sourceTree = "<group>"; };
		261D8AF61DBFE4C5004E2577 /* DNFolder.swift */ = {isa = PBXFileReference; fileEncoding = 4; lastKnownFileType = sourcecode.swift; path = DNFolder.swift; sourceTree = "<group>"; };
		261D8AF71DBFE4C5004E2577 /* FileWriteQueue.swift */ = {isa = PBXFileReference; fileEncoding = 4; lastKnownFileType = sourcecode.swift; path = FileWriteQueue.swift; sourceTree = "<group>"; };
		261D8AF81DBFE4C5004E2577 /* UTI.swift */ = {isa = PBXFileReference; fileEncoding = 4; lastKnownFileType = sourcecode.swift; path = UTI.swift; sourceTree = "<group>"; };
		261D8AFF1DBFE511004E2577 /* RNCryptorHelper.h */ = {isa = PBXFileReference; fileEncoding = 4; lastKnownFileType = sourcecode.c.h; path = RNCryptorHelper.h; sourceTree = "<group>"; };
		261D8B001DBFE511004E2577 /* RNCryptorHelper.m */ = {isa = PBXFileReference; fileEncoding = 4; lastKnownFileType = sourcecode.c.objc; path = RNCryptorHelper.m; sourceTree = "<group>"; };
		26257C5B1DC591DA008D6C88 /* User.swift */ = {isa = PBXFileReference; fileEncoding = 4; lastKnownFileType = sourcecode.swift; path = User.swift; sourceTree = "<group>"; };
		26257C5E1DC59529008D6C88 /* Response.swift */ = {isa = PBXFileReference; fileEncoding = 4; lastKnownFileType = sourcecode.swift; path = Response.swift; sourceTree = "<group>"; };
		26257C601DC666CB008D6C88 /* StoryboardIDs.swift */ = {isa = PBXFileReference; fileEncoding = 4; lastKnownFileType = sourcecode.swift; path = StoryboardIDs.swift; sourceTree = "<group>"; };
		26257C621DC666E1008D6C88 /* Notifications.swift */ = {isa = PBXFileReference; fileEncoding = 4; lastKnownFileType = sourcecode.swift; path = Notifications.swift; sourceTree = "<group>"; };
		26257C641DC6E13C008D6C88 /* AfterLogin.swift */ = {isa = PBXFileReference; fileEncoding = 4; lastKnownFileType = sourcecode.swift; path = AfterLogin.swift; sourceTree = "<group>"; };
		26257C661DC6E154008D6C88 /* AfterRegistration.swift */ = {isa = PBXFileReference; fileEncoding = 4; lastKnownFileType = sourcecode.swift; path = AfterRegistration.swift; sourceTree = "<group>"; };
		26257C681DC7A9FA008D6C88 /* TransactionStack.swift */ = {isa = PBXFileReference; fileEncoding = 4; lastKnownFileType = sourcecode.swift; path = TransactionStack.swift; sourceTree = "<group>"; };
		264D2C711DEAF6B100617EEA /* DNObject+Extension.swift */ = {isa = PBXFileReference; fileEncoding = 4; lastKnownFileType = sourcecode.swift; path = "DNObject+Extension.swift"; sourceTree = "<group>"; };
		264D2C731DEF512600617EEA /* SeliseToolKit.framework */ = {isa = PBXFileReference; lastKnownFileType = wrapper.framework; path = SeliseToolKit.framework; sourceTree = "<group>"; };
		264D2C791DF1D1B600617EEA /* Validation.swift */ = {isa = PBXFileReference; fileEncoding = 4; lastKnownFileType = sourcecode.swift; path = Validation.swift; sourceTree = "<group>"; };
		264D2C7B1DF2677600617EEA /* Banners.swift */ = {isa = PBXFileReference; fileEncoding = 4; lastKnownFileType = sourcecode.swift; path = Banners.swift; sourceTree = "<group>"; };
		264D2C7D1DF269BC00617EEA /* NameResource.swift */ = {isa = PBXFileReference; fileEncoding = 4; lastKnownFileType = sourcecode.swift; path = NameResource.swift; sourceTree = "<group>"; };
		264D2C811DF2DE9100617EEA /* ContactUs.swift */ = {isa = PBXFileReference; fileEncoding = 4; lastKnownFileType = sourcecode.swift; path = ContactUs.swift; sourceTree = "<group>"; };
		264D2C831DF3002A00617EEA /* ContactUsForm.swift */ = {isa = PBXFileReference; fileEncoding = 4; lastKnownFileType = sourcecode.swift; path = ContactUsForm.swift; sourceTree = "<group>"; };
		264D2C851DF3298900617EEA /* AuthorCatalog.swift */ = {isa = PBXFileReference; fileEncoding = 4; lastKnownFileType = sourcecode.swift; path = AuthorCatalog.swift; sourceTree = "<group>"; };
		264D2C871DF32A0400617EEA /* PublisherCatalog.swift */ = {isa = PBXFileReference; fileEncoding = 4; lastKnownFileType = sourcecode.swift; path = PublisherCatalog.swift; sourceTree = "<group>"; };
		264D2C891DF333EB00617EEA /* Review.swift */ = {isa = PBXFileReference; fileEncoding = 4; lastKnownFileType = sourcecode.swift; path = Review.swift; sourceTree = "<group>"; };
		264D2C8B1DF3342B00617EEA /* ReviewForm.swift */ = {isa = PBXFileReference; fileEncoding = 4; lastKnownFileType = sourcecode.swift; path = ReviewForm.swift; sourceTree = "<group>"; };
		264D2C8D1DF33D6200617EEA /* RatingForm.swift */ = {isa = PBXFileReference; fileEncoding = 4; lastKnownFileType = sourcecode.swift; path = RatingForm.swift; sourceTree = "<group>"; };
		264D2C8F1DF33DF200617EEA /* Rating.swift */ = {isa = PBXFileReference; fileEncoding = 4; lastKnownFileType = sourcecode.swift; path = Rating.swift; sourceTree = "<group>"; };
		2650BCF11DE0B60B00DAEDBA /* Query.swift */ = {isa = PBXFileReference; fileEncoding = 4; lastKnownFileType = sourcecode.swift; path = Query.swift; sourceTree = "<group>"; };
		26A945271DE9221100A3A38F /* BookLibrary.swift */ = {isa = PBXFileReference; fileEncoding = 4; lastKnownFileType = sourcecode.swift; path = BookLibrary.swift; sourceTree = "<group>"; };
		26BC8CA01DFA690500DE01BF /* EBookResource.swift */ = {isa = PBXFileReference; fileEncoding = 4; lastKnownFileType = sourcecode.swift; path = EBookResource.swift; sourceTree = "<group>"; };
		26BC8CA21DFA69A300DE01BF /* Category.swift */ = {isa = PBXFileReference; fileEncoding = 4; lastKnownFileType = sourcecode.swift; path = Category.swift; sourceTree = "<group>"; };
		26BC8CA41DFA69B600DE01BF /* Author.swift */ = {isa = PBXFileReference; fileEncoding = 4; lastKnownFileType = sourcecode.swift; path = Author.swift; sourceTree = "<group>"; };
		26BC8CA61DFA69CA00DE01BF /* Publisher.swift */ = {isa = PBXFileReference; fileEncoding = 4; lastKnownFileType = sourcecode.swift; path = Publisher.swift; sourceTree = "<group>"; };
		26BC8CA81DFB1A6D00DE01BF /* Book.swift */ = {isa = PBXFileReference; fileEncoding = 4; lastKnownFileType = sourcecode.swift; path = Book.swift; sourceTree = "<group>"; };
		26DBF0101DBE979100BB6030 /* RokomariReader.app */ = {isa = PBXFileReference; explicitFileType = wrapper.application; includeInIndex = 0; path = RokomariReader.app; sourceTree = BUILT_PRODUCTS_DIR; };
		26DBF0131DBE979100BB6030 /* AppDelegate.swift */ = {isa = PBXFileReference; lastKnownFileType = sourcecode.swift; name = AppDelegate.swift; path = ../AppDelegate.swift; sourceTree = "<group>"; };
		26DBF0151DBE979100BB6030 /* ViewController.swift */ = {isa = PBXFileReference; lastKnownFileType = sourcecode.swift; name = ViewController.swift; path = ../ViewController.swift; sourceTree = "<group>"; };
		26DBF01A1DBE979200BB6030 /* Assets.xcassets */ = {isa = PBXFileReference; lastKnownFileType = folder.assetcatalog; name = Assets.xcassets; path = ../Assets.xcassets; sourceTree = "<group>"; };
		26DBF01D1DBE979200BB6030 /* Base */ = {isa = PBXFileReference; lastKnownFileType = file.storyboard; name = Base; path = Base.lproj/LaunchScreen.storyboard; sourceTree = "<group>"; };
		26DBF01F1DBE979200BB6030 /* Info.plist */ = {isa = PBXFileReference; lastKnownFileType = text.plist.xml; name = Info.plist; path = ../Info.plist; sourceTree = "<group>"; };
		26DBF0241DBE979200BB6030 /* RokomariReaderTests.xctest */ = {isa = PBXFileReference; explicitFileType = wrapper.cfbundle; includeInIndex = 0; path = RokomariReaderTests.xctest; sourceTree = BUILT_PRODUCTS_DIR; };
		26DBF0281DBE979200BB6030 /* RokomariReaderTests.swift */ = {isa = PBXFileReference; lastKnownFileType = sourcecode.swift; path = RokomariReaderTests.swift; sourceTree = "<group>"; };
		26DBF02A1DBE979200BB6030 /* Info.plist */ = {isa = PBXFileReference; lastKnownFileType = text.plist.xml; path = Info.plist; sourceTree = "<group>"; };
		26DBF02F1DBE979200BB6030 /* RokomariReaderUITests.xctest */ = {isa = PBXFileReference; explicitFileType = wrapper.cfbundle; includeInIndex = 0; path = RokomariReaderUITests.xctest; sourceTree = BUILT_PRODUCTS_DIR; };
		26DBF0331DBE979200BB6030 /* RokomariReaderUITests.swift */ = {isa = PBXFileReference; lastKnownFileType = sourcecode.swift; path = RokomariReaderUITests.swift; sourceTree = "<group>"; };
		26DBF0351DBE979200BB6030 /* Info.plist */ = {isa = PBXFileReference; lastKnownFileType = text.plist.xml; path = Info.plist; sourceTree = "<group>"; };
		26DBF0481DBE98AF00BB6030 /* AssetsCatalog.swift */ = {isa = PBXFileReference; fileEncoding = 4; lastKnownFileType = sourcecode.swift; path = AssetsCatalog.swift; sourceTree = "<group>"; };
		CE2524931E403A6D00BA7273 /* RegistrationTVC.swift */ = {isa = PBXFileReference; fileEncoding = 4; lastKnownFileType = sourcecode.swift; path = RegistrationTVC.swift; sourceTree = "<group>"; };
		CE2524961E404F1A00BA7273 /* ForgetPasswordTVC.swift */ = {isa = PBXFileReference; fileEncoding = 4; lastKnownFileType = sourcecode.swift; path = ForgetPasswordTVC.swift; sourceTree = "<group>"; };
		CE4FDF051E059F3D0084A107 /* LoginTVC.swift */ = {isa = PBXFileReference; fileEncoding = 4; lastKnownFileType = sourcecode.swift; path = LoginTVC.swift; sourceTree = "<group>"; };
		CE9D8EDE1E43A16800FAE669 /* MegaGridTvc.swift */ = {isa = PBXFileReference; fileEncoding = 4; lastKnownFileType = sourcecode.swift; path = MegaGridTvc.swift; sourceTree = "<group>"; };
		CE9D8EDF1E43A16800FAE669 /* CustomTableViewCell.swift */ = {isa = PBXFileReference; fileEncoding = 4; lastKnownFileType = sourcecode.swift; path = CustomTableViewCell.swift; sourceTree = "<group>"; };
		CE9D8EE01E43A16800FAE669 /* AuthorTableViewCell.swift */ = {isa = PBXFileReference; fileEncoding = 4; lastKnownFileType = sourcecode.swift; path = AuthorTableViewCell.swift; sourceTree = "<group>"; };
		CE9D8EE11E43A16800FAE669 /* PopularCollectionViewCell.swift */ = {isa = PBXFileReference; fileEncoding = 4; lastKnownFileType = sourcecode.swift; path = PopularCollectionViewCell.swift; sourceTree = "<group>"; };
/* End PBXFileReference section */

/* Begin PBXFrameworksBuildPhase section */
		26DBF00D1DBE979000BB6030 /* Frameworks */ = {
			isa = PBXFrameworksBuildPhase;
			buildActionMask = 2147483647;
			files = (
				264D2C751DEF512E00617EEA /* SeliseToolKit.framework in Frameworks */,
			);
			runOnlyForDeploymentPostprocessing = 0;
		};
		26DBF0211DBE979200BB6030 /* Frameworks */ = {
			isa = PBXFrameworksBuildPhase;
			buildActionMask = 2147483647;
			files = (
			);
			runOnlyForDeploymentPostprocessing = 0;
		};
		26DBF02C1DBE979200BB6030 /* Frameworks */ = {
			isa = PBXFrameworksBuildPhase;
			buildActionMask = 2147483647;
			files = (
			);
			runOnlyForDeploymentPostprocessing = 0;
		};
/* End PBXFrameworksBuildPhase section */

/* Begin PBXGroup section */
		260668861DC47A4300C76045 /* ServiceConnetors */ = {
			isa = PBXGroup;
			children = (
				260668871DC47A8700C76045 /* DNRequestFactory.swift */,
				260668881DC47A8700C76045 /* DNXRequest.swift */,
				260668891DC47A8700C76045 /* GenericSynchronizer.swift */,
				2606688A1DC47A8700C76045 /* HttpStatusCode.swift */,
				2606688B1DC47A8700C76045 /* RequestFactory.swift */,
				2606688C1DC47A8700C76045 /* RequestList.plist */,
				2606688D1DC47A8700C76045 /* SequentialRequestProcessor.swift */,
				26257C681DC7A9FA008D6C88 /* TransactionStack.swift */,
			);
			path = ServiceConnetors;
			sourceTree = "<group>";
		};
		260668951DC5230400C76045 /* AppStateMachine */ = {
			isa = PBXGroup;
			children = (
				260668961DC5230400C76045 /* AppState.swift */,
				260668971DC5230400C76045 /* AppStateMatchine.swift */,
			);
			path = AppStateMachine;
			sourceTree = "<group>";
		};
		260BB6CE1DC12ECB008472C2 /* SortCommends */ = {
			isa = PBXGroup;
			children = (
				260BB6CF1DC12ECB008472C2 /* AlphabeticalSort.swift */,
				260BB6D01DC12ECB008472C2 /* DateSort.swift */,
				260BB6D11DC12ECB008472C2 /* NumericSort.swift */,
				260BB6D21DC12ECB008472C2 /* SortCommend.swift */,
			);
			path = SortCommends;
			sourceTree = "<group>";
		};
		260BB6DE1DC1A38E008472C2 /* DateFormatter */ = {
			isa = PBXGroup;
			children = (
				260BB6DF1DC1A38E008472C2 /* DateFormatter.swift */,
				260BB6E01DC1A38E008472C2 /* DNDateFormatter.swift */,
			);
			path = DateFormatter;
			sourceTree = "<group>";
		};
		260BB6E11DC1A38E008472C2 /* FontController */ = {
			isa = PBXGroup;
			children = (
				260BB6E21DC1A38E008472C2 /* FontConfig.swift */,
				260BB6E31DC1A38E008472C2 /* FontFamilies */,
			);
			path = FontController;
			sourceTree = "<group>";
		};
		260BB6E31DC1A38E008472C2 /* FontFamilies */ = {
			isa = PBXGroup;
			children = (
				260BB6E41DC1A38E008472C2 /* Exo Bold.ttf */,
				260BB6E51DC1A38E008472C2 /* Exo Light.ttf */,
				260BB6E61DC1A38E008472C2 /* Exo Regular.ttf */,
				260BB6E71DC1A38E008472C2 /* Lato-Bold.ttf */,
				260BB6E81DC1A38E008472C2 /* Lato-Light.ttf */,
				260BB6E91DC1A38E008472C2 /* Lato-Regular.ttf */,
			);
			path = FontFamilies;
			sourceTree = "<group>";
		};
		260BB6EA1DC1A38E008472C2 /* UserAccount */ = {
			isa = PBXGroup;
			children = (
				260BB6EB1DC1A38E008472C2 /* Models */,
				260BB6F01DC1A38E008472C2 /* UserManagement.swift */,
			);
			path = UserAccount;
			sourceTree = "<group>";
		};
		260BB6EB1DC1A38E008472C2 /* Models */ = {
			isa = PBXGroup;
			children = (
				260BB6EC1DC1A38E008472C2 /* Credential.swift */,
				260BB6ED1DC1A38E008472C2 /* OAuth.swift */,
			);
			path = Models;
			sourceTree = "<group>";
		};
		260BB6F11DC1A38E008472C2 /* Validator */ = {
			isa = PBXGroup;
			children = (
				260BB6F21DC1A38E008472C2 /* DNRule.swift */,
				260BB6F31DC1A38E008472C2 /* DNRuleSystem.swift */,
				260BB6F41DC1A38E008472C2 /* ResolutionStrategy.swift */,
				260BB6F51DC1A38E008472C2 /* ValidationRules.swift */,
			);
			path = Validator;
			sourceTree = "<group>";
		};
		260BB7081DC1A4CB008472C2 /* FormModels */ = {
			isa = PBXGroup;
			children = (
				260BB7091DC1A531008472C2 /* RegistrationForm.swift */,
				260BB70A1DC1A532008472C2 /* UserProfile.swift */,
				260BB7121DC1A743008472C2 /* LoginForm.swift */,
				260BB7141DC1A753008472C2 /* ForgotPassword.swift */,
				2650BCF11DE0B60B00DAEDBA /* Query.swift */,
				264D2C791DF1D1B600617EEA /* Validation.swift */,
				264D2C831DF3002A00617EEA /* ContactUsForm.swift */,
				264D2C8B1DF3342B00617EEA /* ReviewForm.swift */,
				264D2C8D1DF33D6200617EEA /* RatingForm.swift */,
			);
			path = FormModels;
			sourceTree = "<group>";
		};
		260BB7181DC1A85D008472C2 /* AppConfig */ = {
			isa = PBXGroup;
			children = (
				260668951DC5230400C76045 /* AppStateMachine */,
				260BB71D1DC1A8BF008472C2 /* AppAppearance.swift */,
				260BB71E1DC1A8BF008472C2 /* AppRuleSystem.swift */,
				260BB71F1DC1A8BF008472C2 /* BackgroundFetchMonitor.swift */,
				260BB7201DC1A8BF008472C2 /* DiskUtility.swift */,
				260BB7211DC1A8BF008472C2 /* SimulatorUtility.swift */,
				260BB7191DC1A883008472C2 /* AppInfo.swift */,
				260BB71A1DC1A883008472C2 /* AppStoryboard.swift */,
				26257C601DC666CB008D6C88 /* StoryboardIDs.swift */,
				26257C621DC666E1008D6C88 /* Notifications.swift */,
			);
			path = AppConfig;
			sourceTree = "<group>";
		};
		261D8ACE1DBF03AD004E2577 /* libs */ = {
			isa = PBXGroup;
			children = (
				264D2C731DEF512600617EEA /* SeliseToolKit.framework */,
				261D8AF01DBFE236004E2577 /* XMLReader */,
				261D8AE91DBFE1E7004E2577 /* UUIDGenarator */,
				261D8AE51DBFDB69004E2577 /* TRVSMonitor */,
				261D8AD51DBFDB34004E2577 /* RNCryptor */,
			);
			path = libs;
			sourceTree = "<group>";
		};
		261D8AD51DBFDB34004E2577 /* RNCryptor */ = {
			isa = PBXGroup;
			children = (
				261D8AD61DBFDB34004E2577 /* RNCryptor+Private.h */,
				261D8AD71DBFDB34004E2577 /* RNCryptor+Swift.h */,
				261D8AD81DBFDB34004E2577 /* RNCryptor-Prefix.pch */,
				261D8AD91DBFDB34004E2577 /* RNCryptor.h */,
				261D8ADA1DBFDB34004E2577 /* RNCryptor.m */,
				261D8ADB1DBFDB34004E2577 /* RNCryptorEngine.h */,
				261D8ADC1DBFDB34004E2577 /* RNCryptorEngine.m */,
				261D8ADD1DBFDB34004E2577 /* RNDecryptor.h */,
				261D8ADE1DBFDB34004E2577 /* RNDecryptor.m */,
				261D8ADF1DBFDB34004E2577 /* RNEncryptor.h */,
				261D8AE01DBFDB34004E2577 /* RNEncryptor.m */,
			);
			path = RNCryptor;
			sourceTree = "<group>";
		};
		261D8AE51DBFDB69004E2577 /* TRVSMonitor */ = {
			isa = PBXGroup;
			children = (
				261D8AE61DBFDB69004E2577 /* TRVSMonitor.h */,
				261D8AE71DBFDB69004E2577 /* TRVSMonitor.m */,
			);
			path = TRVSMonitor;
			sourceTree = "<group>";
		};
		261D8AE91DBFE1E7004E2577 /* UUIDGenarator */ = {
			isa = PBXGroup;
			children = (
				261D8AEA1DBFE1E7004E2577 /* KeychainWrapper.h */,
				261D8AEB1DBFE1E7004E2577 /* KeychainWrapper.m */,
				261D8AEC1DBFE1E7004E2577 /* UUIDGenerator.h */,
				261D8AED1DBFE1E7004E2577 /* UUIDGenerator.m */,
			);
			path = UUIDGenarator;
			sourceTree = "<group>";
		};
		261D8AF01DBFE236004E2577 /* XMLReader */ = {
			isa = PBXGroup;
			children = (
				261D8AF11DBFE236004E2577 /* XMLReader.h */,
				261D8AF21DBFE236004E2577 /* XMLReader.m */,
			);
			path = XMLReader;
			sourceTree = "<group>";
		};
		261D8AF41DBFE498004E2577 /* FileSystem */ = {
			isa = PBXGroup;
			children = (
				261D8AFD1DBFE511004E2577 /* RNCryptorHelper */,
				261D8AF51DBFE4C5004E2577 /* DNFile.swift */,
				261D8AF61DBFE4C5004E2577 /* DNFolder.swift */,
				261D8AF71DBFE4C5004E2577 /* FileWriteQueue.swift */,
				261D8AF81DBFE4C5004E2577 /* UTI.swift */,
			);
			path = FileSystem;
			sourceTree = "<group>";
		};
		261D8AFD1DBFE511004E2577 /* RNCryptorHelper */ = {
			isa = PBXGroup;
			children = (
				260BB6CC1DBFE7CE008472C2 /* DNSecureFile.swift */,
				261D8AFF1DBFE511004E2577 /* RNCryptorHelper.h */,
				261D8B001DBFE511004E2577 /* RNCryptorHelper.m */,
			);
			path = RNCryptorHelper;
			sourceTree = "<group>";
		};
		26257C5D1DC59506008D6C88 /* ResponseModels */ = {
			isa = PBXGroup;
			children = (
				264D2C811DF2DE9100617EEA /* ContactUs.swift */,
				26257C5E1DC59529008D6C88 /* Response.swift */,
				26257C641DC6E13C008D6C88 /* AfterLogin.swift */,
				26257C661DC6E154008D6C88 /* AfterRegistration.swift */,
				264D2C7D1DF269BC00617EEA /* NameResource.swift */,
				264D2C891DF333EB00617EEA /* Review.swift */,
				264D2C8F1DF33DF200617EEA /* Rating.swift */,
				26BC8CA01DFA690500DE01BF /* EBookResource.swift */,
				26BC8CA21DFA69A300DE01BF /* Category.swift */,
				26BC8CA41DFA69B600DE01BF /* Author.swift */,
				26BC8CA61DFA69CA00DE01BF /* Publisher.swift */,
			);
			path = ResponseModels;
			sourceTree = "<group>";
		};
		26DBF0071DBE979000BB6030 = {
			isa = PBXGroup;
			children = (
				26DBF0121DBE979100BB6030 /* RokomariReader */,
				26DBF0271DBE979200BB6030 /* RokomariReaderTests */,
				26DBF0321DBE979200BB6030 /* RokomariReaderUITests */,
				26DBF0111DBE979100BB6030 /* Products */,
			);
			sourceTree = "<group>";
		};
		26DBF0111DBE979100BB6030 /* Products */ = {
			isa = PBXGroup;
			children = (
				26DBF0101DBE979100BB6030 /* RokomariReader.app */,
				26DBF0241DBE979200BB6030 /* RokomariReaderTests.xctest */,
				26DBF02F1DBE979200BB6030 /* RokomariReaderUITests.xctest */,
			);
			name = Products;
			sourceTree = "<group>";
		};
		26DBF0121DBE979100BB6030 /* RokomariReader */ = {
			isa = PBXGroup;
			children = (
				261D8ACE1DBF03AD004E2577 /* libs */,
				26DBF0441DBE982900BB6030 /* Objects */,
				26DBF0431DBE981F00BB6030 /* Storyboards */,
				26DBF0411DBE97BF00BB6030 /* Resource */,
				26DBF0421DBE97BF00BB6030 /* src */,
			);
			path = RokomariReader;
			sourceTree = "<group>";
		};
		26DBF0271DBE979200BB6030 /* RokomariReaderTests */ = {
			isa = PBXGroup;
			children = (
				26DBF0281DBE979200BB6030 /* RokomariReaderTests.swift */,
				26DBF02A1DBE979200BB6030 /* Info.plist */,
			);
			path = RokomariReaderTests;
			sourceTree = "<group>";
		};
		26DBF0321DBE979200BB6030 /* RokomariReaderUITests */ = {
			isa = PBXGroup;
			children = (
				26DBF0331DBE979200BB6030 /* RokomariReaderUITests.swift */,
				26DBF0351DBE979200BB6030 /* Info.plist */,
			);
			path = RokomariReaderUITests;
			sourceTree = "<group>";
		};
		26DBF0411DBE97BF00BB6030 /* Resource */ = {
			isa = PBXGroup;
			children = (
				26DBF01F1DBE979200BB6030 /* Info.plist */,
				26DBF01A1DBE979200BB6030 /* Assets.xcassets */,
				26DBF0481DBE98AF00BB6030 /* AssetsCatalog.swift */,
				261D8ACC1DBF0368004E2577 /* UIImage+Rokomari.swift */,
				261D8ACF1DBF0421004E2577 /* RokomariReader-Bridging-Header.h */,
			);
			path = Resource;
			sourceTree = "<group>";
		};
		26DBF0421DBE97BF00BB6030 /* src */ = {
			isa = PBXGroup;
			children = (
				CE4FDF031E053C970084A107 /* ViewControllers */,
				260BB7181DC1A85D008472C2 /* AppConfig */,
				260BB6DE1DC1A38E008472C2 /* DateFormatter */,
				260BB6E11DC1A38E008472C2 /* FontController */,
				260BB6EA1DC1A38E008472C2 /* UserAccount */,
				260BB6F11DC1A38E008472C2 /* Validator */,
				260BB6CE1DC12ECB008472C2 /* SortCommends */,
				261D8AF41DBFE498004E2577 /* FileSystem */,
				26DBF0131DBE979100BB6030 /* AppDelegate.swift */,
				26DBF0151DBE979100BB6030 /* ViewController.swift */,
			);
			path = src;
			sourceTree = "<group>";
		};
		26DBF0431DBE981F00BB6030 /* Storyboards */ = {
			isa = PBXGroup;
			children = (
				26DBF01C1DBE979200BB6030 /* LaunchScreen.storyboard */,
				260668841DC2FE1500C76045 /* Main.storyboard */,
			);
			path = Storyboards;
			sourceTree = "<group>";
		};
		26DBF0441DBE982900BB6030 /* Objects */ = {
			isa = PBXGroup;
			children = (
				260668861DC47A4300C76045 /* ServiceConnetors */,
				26DBF0451DBE982900BB6030 /* DomainModels */,
				26DBF0461DBE982900BB6030 /* DTO */,
				260BB7081DC1A4CB008472C2 /* FormModels */,
				26257C5D1DC59506008D6C88 /* ResponseModels */,
				26DBF0471DBE982900BB6030 /* Test */,
			);
			path = Objects;
			sourceTree = "<group>";
		};
		26DBF0451DBE982900BB6030 /* DomainModels */ = {
			isa = PBXGroup;
			children = (
				264D2C711DEAF6B100617EEA /* DNObject+Extension.swift */,
				26257C5B1DC591DA008D6C88 /* User.swift */,
				26BC8CA81DFB1A6D00DE01BF /* Book.swift */,
				26A945271DE9221100A3A38F /* BookLibrary.swift */,
				264D2C7B1DF2677600617EEA /* Banners.swift */,
				264D2C851DF3298900617EEA /* AuthorCatalog.swift */,
				264D2C871DF32A0400617EEA /* PublisherCatalog.swift */,
			);
			path = DomainModels;
			sourceTree = "<group>";
		};
		26DBF0461DBE982900BB6030 /* DTO */ = {
			isa = PBXGroup;
			children = (
				260668AA1DC5264E00C76045 /* DNCoreDocument.swift */,
				260BB70F1DC1A720008472C2 /* RokomariReader.xcdatamodeld */,
			);
			path = DTO;
			sourceTree = "<group>";
		};
		26DBF0471DBE982900BB6030 /* Test */ = {
			isa = PBXGroup;
			children = (
				260668A81DC525FE00C76045 /* DomainTestCases.swift */,
				260668A61DC5248C00C76045 /* DomainTestState.swift */,
			);
			path = Test;
			sourceTree = "<group>";
		};
		CE2524921E403A0000BA7273 /* RegistrationViewControllers */ = {
			isa = PBXGroup;
			children = (
				CE2524931E403A6D00BA7273 /* RegistrationTVC.swift */,
			);
			name = RegistrationViewControllers;
			path = LoginViewControllers/RegistrationViewControllers;
			sourceTree = "<group>";
		};
		CE2524951E404EFF00BA7273 /* ForgetPasswordViewControllers */ = {
			isa = PBXGroup;
			children = (
				CE2524961E404F1A00BA7273 /* ForgetPasswordTVC.swift */,
			);
			path = ForgetPasswordViewControllers;
			sourceTree = "<group>";
		};
		CE4FDF031E053C970084A107 /* ViewControllers */ = {
			isa = PBXGroup;
			children = (
				CE9D8EDD1E43A11D00FAE669 /* StoreViewControllers */,
				CE2524951E404EFF00BA7273 /* ForgetPasswordViewControllers */,
				CE2524921E403A0000BA7273 /* RegistrationViewControllers */,
				CE4FDF041E053C970084A107 /* LoginViewControllers */,
			);
			path = ViewControllers;
			sourceTree = "<group>";
		};
		CE4FDF041E053C970084A107 /* LoginViewControllers */ = {
			isa = PBXGroup;
			children = (
				CE4FDF051E059F3D0084A107 /* LoginTVC.swift */,
			);
			path = LoginViewControllers;
			sourceTree = "<group>";
		};
		CE9D8EDD1E43A11D00FAE669 /* StoreViewControllers */ = {
			isa = PBXGroup;
			children = (
				CE9D8EDE1E43A16800FAE669 /* MegaGridTvc.swift */,
				CE9D8EDF1E43A16800FAE669 /* CustomTableViewCell.swift */,
				CE9D8EE01E43A16800FAE669 /* AuthorTableViewCell.swift */,
				CE9D8EE11E43A16800FAE669 /* PopularCollectionViewCell.swift */,
			);
			path = StoreViewControllers;
			sourceTree = "<group>";
		};
/* End PBXGroup section */

/* Begin PBXNativeTarget section */
		26DBF00F1DBE979000BB6030 /* RokomariReader */ = {
			isa = PBXNativeTarget;
			buildConfigurationList = 26DBF0381DBE979200BB6030 /* Build configuration list for PBXNativeTarget "RokomariReader" */;
			buildPhases = (
				26DBF00C1DBE979000BB6030 /* Sources */,
				26DBF00D1DBE979000BB6030 /* Frameworks */,
				26DBF00E1DBE979000BB6030 /* Resources */,
				264D2C771DEF512E00617EEA /* Embed Frameworks */,
			);
			buildRules = (
			);
			dependencies = (
			);
			name = RokomariReader;
			productName = RokomariReader;
			productReference = 26DBF0101DBE979100BB6030 /* RokomariReader.app */;
			productType = "com.apple.product-type.application";
		};
		26DBF0231DBE979200BB6030 /* RokomariReaderTests */ = {
			isa = PBXNativeTarget;
			buildConfigurationList = 26DBF03B1DBE979200BB6030 /* Build configuration list for PBXNativeTarget "RokomariReaderTests" */;
			buildPhases = (
				26DBF0201DBE979200BB6030 /* Sources */,
				26DBF0211DBE979200BB6030 /* Frameworks */,
				26DBF0221DBE979200BB6030 /* Resources */,
			);
			buildRules = (
			);
			dependencies = (
				26DBF0261DBE979200BB6030 /* PBXTargetDependency */,
			);
			name = RokomariReaderTests;
			productName = RokomariReaderTests;
			productReference = 26DBF0241DBE979200BB6030 /* RokomariReaderTests.xctest */;
			productType = "com.apple.product-type.bundle.unit-test";
		};
		26DBF02E1DBE979200BB6030 /* RokomariReaderUITests */ = {
			isa = PBXNativeTarget;
			buildConfigurationList = 26DBF03E1DBE979200BB6030 /* Build configuration list for PBXNativeTarget "RokomariReaderUITests" */;
			buildPhases = (
				26DBF02B1DBE979200BB6030 /* Sources */,
				26DBF02C1DBE979200BB6030 /* Frameworks */,
				26DBF02D1DBE979200BB6030 /* Resources */,
			);
			buildRules = (
			);
			dependencies = (
				26DBF0311DBE979200BB6030 /* PBXTargetDependency */,
			);
			name = RokomariReaderUITests;
			productName = RokomariReaderUITests;
			productReference = 26DBF02F1DBE979200BB6030 /* RokomariReaderUITests.xctest */;
			productType = "com.apple.product-type.bundle.ui-testing";
		};
/* End PBXNativeTarget section */

/* Begin PBXProject section */
		26DBF0081DBE979000BB6030 /* Project object */ = {
			isa = PBXProject;
			attributes = {
				LastSwiftUpdateCheck = 0800;
				LastUpgradeCheck = 0800;
				ORGANIZATIONNAME = "Rokomari (https://www.rokomari.com/policy)";
				TargetAttributes = {
					26DBF00F1DBE979000BB6030 = {
						CreatedOnToolsVersion = 8.0;
						ProvisioningStyle = Automatic;
					};
					26DBF0231DBE979200BB6030 = {
						CreatedOnToolsVersion = 8.0;
						DevelopmentTeam = YS4F7VX5G2;
						ProvisioningStyle = Automatic;
						TestTargetID = 26DBF00F1DBE979000BB6030;
					};
					26DBF02E1DBE979200BB6030 = {
						CreatedOnToolsVersion = 8.0;
						DevelopmentTeam = YS4F7VX5G2;
						ProvisioningStyle = Automatic;
						TestTargetID = 26DBF00F1DBE979000BB6030;
					};
				};
			};
			buildConfigurationList = 26DBF00B1DBE979000BB6030 /* Build configuration list for PBXProject "RokomariReader" */;
			compatibilityVersion = "Xcode 3.2";
			developmentRegion = English;
			hasScannedForEncodings = 0;
			knownRegions = (
				en,
				Base,
			);
			mainGroup = 26DBF0071DBE979000BB6030;
			productRefGroup = 26DBF0111DBE979100BB6030 /* Products */;
			projectDirPath = "";
			projectRoot = "";
			targets = (
				26DBF00F1DBE979000BB6030 /* RokomariReader */,
				26DBF0231DBE979200BB6030 /* RokomariReaderTests */,
				26DBF02E1DBE979200BB6030 /* RokomariReaderUITests */,
			);
		};
/* End PBXProject section */

/* Begin PBXResourcesBuildPhase section */
		26DBF00E1DBE979000BB6030 /* Resources */ = {
			isa = PBXResourcesBuildPhase;
			buildActionMask = 2147483647;
			files = (
				260BB6FC1DC1A38E008472C2 /* Lato-Bold.ttf in Resources */,
				260BB6FA1DC1A38E008472C2 /* Exo Light.ttf in Resources */,
				260BB6FB1DC1A38E008472C2 /* Exo Regular.ttf in Resources */,
				26DBF01E1DBE979200BB6030 /* LaunchScreen.storyboard in Resources */,
				260BB6FE1DC1A38E008472C2 /* Lato-Regular.ttf in Resources */,
				260BB6F91DC1A38E008472C2 /* Exo Bold.ttf in Resources */,
				260668931DC47A8700C76045 /* RequestList.plist in Resources */,
				260668851DC2FE1500C76045 /* Main.storyboard in Resources */,
				26DBF01B1DBE979200BB6030 /* Assets.xcassets in Resources */,
				260BB6FD1DC1A38E008472C2 /* Lato-Light.ttf in Resources */,
			);
			runOnlyForDeploymentPostprocessing = 0;
		};
		26DBF0221DBE979200BB6030 /* Resources */ = {
			isa = PBXResourcesBuildPhase;
			buildActionMask = 2147483647;
			files = (
			);
			runOnlyForDeploymentPostprocessing = 0;
		};
		26DBF02D1DBE979200BB6030 /* Resources */ = {
			isa = PBXResourcesBuildPhase;
			buildActionMask = 2147483647;
			files = (
			);
			runOnlyForDeploymentPostprocessing = 0;
		};
/* End PBXResourcesBuildPhase section */

/* Begin PBXSourcesBuildPhase section */
		26DBF00C1DBE979000BB6030 /* Sources */ = {
			isa = PBXSourcesBuildPhase;
			buildActionMask = 2147483647;
			files = (
				26BC8CA71DFA69CA00DE01BF /* Publisher.swift in Sources */,
				26DBF0161DBE979100BB6030 /* ViewController.swift in Sources */,
				260BB70B1DC1A532008472C2 /* RegistrationForm.swift in Sources */,
				261D8AE31DBFDB34004E2577 /* RNDecryptor.m in Sources */,
				260BB6FF1DC1A38E008472C2 /* Credential.swift in Sources */,
				260BB6CD1DBFE7CE008472C2 /* DNSecureFile.swift in Sources */,
				261D8ACD1DBF0368004E2577 /* UIImage+Rokomari.swift in Sources */,
				260BB6F71DC1A38E008472C2 /* DNDateFormatter.swift in Sources */,
				261D8AE81DBFDB69004E2577 /* TRVSMonitor.m in Sources */,
				260BB7031DC1A38E008472C2 /* UserManagement.swift in Sources */,
				26DBF0141DBE979100BB6030 /* AppDelegate.swift in Sources */,
				261D8AFA1DBFE4C5004E2577 /* DNFolder.swift in Sources */,
				260BB7241DC1A8BF008472C2 /* BackgroundFetchMonitor.swift in Sources */,
				260668911DC47A8700C76045 /* HttpStatusCode.swift in Sources */,
				260BB6F61DC1A38E008472C2 /* DateFormatter.swift in Sources */,
				26257C651DC6E13C008D6C88 /* AfterLogin.swift in Sources */,
				26BC8CA91DFB1A6D00DE01BF /* Book.swift in Sources */,
				260668901DC47A8700C76045 /* GenericSynchronizer.swift in Sources */,
				261D8AFC1DBFE4C5004E2577 /* UTI.swift in Sources */,
				261D8AF91DBFE4C5004E2577 /* DNFile.swift in Sources */,
				CE9D8EE41E43A16800FAE669 /* AuthorTableViewCell.swift in Sources */,
				261D8B021DBFE511004E2577 /* RNCryptorHelper.m in Sources */,
				260BB6D51DC12ECB008472C2 /* NumericSort.swift in Sources */,
				2606688E1DC47A8700C76045 /* DNRequestFactory.swift in Sources */,
				26257C5C1DC591DA008D6C88 /* User.swift in Sources */,
				26257C671DC6E154008D6C88 /* AfterRegistration.swift in Sources */,
				26257C611DC666CB008D6C88 /* StoryboardIDs.swift in Sources */,
				264D2C7C1DF2677600617EEA /* Banners.swift in Sources */,
				CE9D8EE51E43A16800FAE669 /* PopularCollectionViewCell.swift in Sources */,
				260BB71C1DC1A883008472C2 /* AppStoryboard.swift in Sources */,
				260BB70C1DC1A532008472C2 /* UserProfile.swift in Sources */,
				26BC8CA31DFA69A300DE01BF /* Category.swift in Sources */,
				260BB7071DC1A38E008472C2 /* ValidationRules.swift in Sources */,
				260BB6D61DC12ECB008472C2 /* SortCommend.swift in Sources */,
				260BB7261DC1A8C0008472C2 /* SimulatorUtility.swift in Sources */,
				2606689E1DC5230400C76045 /* AppState.swift in Sources */,
				260BB71B1DC1A883008472C2 /* AppInfo.swift in Sources */,
				264D2C721DEAF6B100617EEA /* DNObject+Extension.swift in Sources */,
				260668A71DC5248C00C76045 /* DomainTestState.swift in Sources */,
				264D2C8C1DF3342B00617EEA /* ReviewForm.swift in Sources */,
				261D8AE21DBFDB34004E2577 /* RNCryptorEngine.m in Sources */,
				261D8AEF1DBFE1E7004E2577 /* UUIDGenerator.m in Sources */,
				261D8AFB1DBFE4C5004E2577 /* FileWriteQueue.swift in Sources */,
				260BB7131DC1A743008472C2 /* LoginForm.swift in Sources */,
				260BB7001DC1A38E008472C2 /* OAuth.swift in Sources */,
				26DBF0491DBE98AF00BB6030 /* AssetsCatalog.swift in Sources */,
				26A945281DE9221100A3A38F /* BookLibrary.swift in Sources */,
				CE2524941E403A6D00BA7273 /* RegistrationTVC.swift in Sources */,
				264D2C881DF32A0400617EEA /* PublisherCatalog.swift in Sources */,
				261D8AE41DBFDB34004E2577 /* RNEncryptor.m in Sources */,
				260BB6D41DC12ECB008472C2 /* DateSort.swift in Sources */,
				260668921DC47A8700C76045 /* RequestFactory.swift in Sources */,
				260668A91DC525FE00C76045 /* DomainTestCases.swift in Sources */,
				261D8AE11DBFDB34004E2577 /* RNCryptor.m in Sources */,
				260BB7231DC1A8BF008472C2 /* AppRuleSystem.swift in Sources */,
				260BB7041DC1A38E008472C2 /* DNRule.swift in Sources */,
				260BB7221DC1A8BF008472C2 /* AppAppearance.swift in Sources */,
				26257C5F1DC59529008D6C88 /* Response.swift in Sources */,
				260BB7251DC1A8C0008472C2 /* DiskUtility.swift in Sources */,
				264D2C861DF3298900617EEA /* AuthorCatalog.swift in Sources */,
				264D2C7E1DF269BC00617EEA /* NameResource.swift in Sources */,
				260668AB1DC5264E00C76045 /* DNCoreDocument.swift in Sources */,
				260668941DC47A8700C76045 /* SequentialRequestProcessor.swift in Sources */,
				26BC8CA11DFA690500DE01BF /* EBookResource.swift in Sources */,
				260BB6D31DC12ECB008472C2 /* AlphabeticalSort.swift in Sources */,
				260BB7111DC1A720008472C2 /* RokomariReader.xcdatamodeld in Sources */,
				260BB7051DC1A38E008472C2 /* DNRuleSystem.swift in Sources */,
				260BB7151DC1A753008472C2 /* ForgotPassword.swift in Sources */,
				260BB6F81DC1A38E008472C2 /* FontConfig.swift in Sources */,
				264D2C901DF33DF200617EEA /* Rating.swift in Sources */,
				264D2C821DF2DE9100617EEA /* ContactUs.swift in Sources */,
				261D8AF31DBFE236004E2577 /* XMLReader.m in Sources */,
				261D8AEE1DBFE1E7004E2577 /* KeychainWrapper.m in Sources */,
				2606688F1DC47A8700C76045 /* DNXRequest.swift in Sources */,
				CE9D8EE21E43A16800FAE669 /* MegaGridTvc.swift in Sources */,
				264D2C841DF3002A00617EEA /* ContactUsForm.swift in Sources */,
				264D2C8E1DF33D6200617EEA /* RatingForm.swift in Sources */,
				2606689F1DC5230400C76045 /* AppStateMatchine.swift in Sources */,
				2650BCF21DE0B60B00DAEDBA /* Query.swift in Sources */,
				26BC8CA51DFA69B600DE01BF /* Author.swift in Sources */,
				260BB7061DC1A38E008472C2 /* ResolutionStrategy.swift in Sources */,
				264D2C8A1DF333EB00617EEA /* Review.swift in Sources */,
				26257C631DC666E1008D6C88 /* Notifications.swift in Sources */,
				26257C691DC7A9FA008D6C88 /* TransactionStack.swift in Sources */,
				CE9D8EE31E43A16800FAE669 /* CustomTableViewCell.swift in Sources */,
				CE2524971E404F1A00BA7273 /* ForgetPasswordTVC.swift in Sources */,
				264D2C7A1DF1D1B600617EEA /* Validation.swift in Sources */,
				CE4FDF061E059F3D0084A107 /* LoginTVC.swift in Sources */,
			);
			runOnlyForDeploymentPostprocessing = 0;
		};
		26DBF0201DBE979200BB6030 /* Sources */ = {
			isa = PBXSourcesBuildPhase;
			buildActionMask = 2147483647;
			files = (
				26DBF0291DBE979200BB6030 /* RokomariReaderTests.swift in Sources */,
				CE4FDF071E059F3D0084A107 /* LoginTVC.swift in Sources */,
			);
			runOnlyForDeploymentPostprocessing = 0;
		};
		26DBF02B1DBE979200BB6030 /* Sources */ = {
			isa = PBXSourcesBuildPhase;
			buildActionMask = 2147483647;
			files = (
				26DBF0341DBE979200BB6030 /* RokomariReaderUITests.swift in Sources */,
			);
			runOnlyForDeploymentPostprocessing = 0;
		};
/* End PBXSourcesBuildPhase section */

/* Begin PBXTargetDependency section */
		26DBF0261DBE979200BB6030 /* PBXTargetDependency */ = {
			isa = PBXTargetDependency;
			target = 26DBF00F1DBE979000BB6030 /* RokomariReader */;
			targetProxy = 26DBF0251DBE979200BB6030 /* PBXContainerItemProxy */;
		};
		26DBF0311DBE979200BB6030 /* PBXTargetDependency */ = {
			isa = PBXTargetDependency;
			target = 26DBF00F1DBE979000BB6030 /* RokomariReader */;
			targetProxy = 26DBF0301DBE979200BB6030 /* PBXContainerItemProxy */;
		};
/* End PBXTargetDependency section */

/* Begin PBXVariantGroup section */
		26DBF01C1DBE979200BB6030 /* LaunchScreen.storyboard */ = {
			isa = PBXVariantGroup;
			children = (
				26DBF01D1DBE979200BB6030 /* Base */,
			);
			name = LaunchScreen.storyboard;
			path = ..;
			sourceTree = "<group>";
		};
/* End PBXVariantGroup section */

/* Begin XCBuildConfiguration section */
		26DBF0361DBE979200BB6030 /* Debug */ = {
			isa = XCBuildConfiguration;
			buildSettings = {
				ALWAYS_SEARCH_USER_PATHS = NO;
				CLANG_ANALYZER_NONNULL = YES;
				CLANG_CXX_LANGUAGE_STANDARD = "gnu++0x";
				CLANG_CXX_LIBRARY = "libc++";
				CLANG_ENABLE_MODULES = YES;
				CLANG_ENABLE_OBJC_ARC = YES;
				CLANG_WARN_BOOL_CONVERSION = YES;
				CLANG_WARN_CONSTANT_CONVERSION = YES;
				CLANG_WARN_DIRECT_OBJC_ISA_USAGE = YES_ERROR;
				CLANG_WARN_DOCUMENTATION_COMMENTS = YES;
				CLANG_WARN_EMPTY_BODY = YES;
				CLANG_WARN_ENUM_CONVERSION = YES;
				CLANG_WARN_INFINITE_RECURSION = YES;
				CLANG_WARN_INT_CONVERSION = YES;
				CLANG_WARN_OBJC_ROOT_CLASS = YES_ERROR;
				CLANG_WARN_SUSPICIOUS_MOVES = YES;
				CLANG_WARN_UNREACHABLE_CODE = YES;
				CLANG_WARN__DUPLICATE_METHOD_MATCH = YES;
				"CODE_SIGN_IDENTITY[sdk=iphoneos*]" = "iPhone Developer";
				COPY_PHASE_STRIP = NO;
				DEBUG_INFORMATION_FORMAT = dwarf;
				ENABLE_STRICT_OBJC_MSGSEND = YES;
				ENABLE_TESTABILITY = YES;
				GCC_C_LANGUAGE_STANDARD = gnu99;
				GCC_DYNAMIC_NO_PIC = NO;
				GCC_NO_COMMON_BLOCKS = YES;
				GCC_OPTIMIZATION_LEVEL = 0;
				GCC_PREPROCESSOR_DEFINITIONS = (
					"DEBUG=1",
					"$(inherited)",
				);
				GCC_WARN_64_TO_32_BIT_CONVERSION = YES;
				GCC_WARN_ABOUT_RETURN_TYPE = YES_ERROR;
				GCC_WARN_UNDECLARED_SELECTOR = YES;
				GCC_WARN_UNINITIALIZED_AUTOS = YES_AGGRESSIVE;
				GCC_WARN_UNUSED_FUNCTION = YES;
				GCC_WARN_UNUSED_VARIABLE = YES;
				IPHONEOS_DEPLOYMENT_TARGET = 10.0;
				MTL_ENABLE_DEBUG_INFO = YES;
				ONLY_ACTIVE_ARCH = YES;
				SDKROOT = iphoneos;
				SWIFT_ACTIVE_COMPILATION_CONDITIONS = DEBUG;
				SWIFT_OPTIMIZATION_LEVEL = "-Onone";
				TARGETED_DEVICE_FAMILY = "1,2";
			};
			name = Debug;
		};
		26DBF0371DBE979200BB6030 /* Release */ = {
			isa = XCBuildConfiguration;
			buildSettings = {
				ALWAYS_SEARCH_USER_PATHS = NO;
				CLANG_ANALYZER_NONNULL = YES;
				CLANG_CXX_LANGUAGE_STANDARD = "gnu++0x";
				CLANG_CXX_LIBRARY = "libc++";
				CLANG_ENABLE_MODULES = YES;
				CLANG_ENABLE_OBJC_ARC = YES;
				CLANG_WARN_BOOL_CONVERSION = YES;
				CLANG_WARN_CONSTANT_CONVERSION = YES;
				CLANG_WARN_DIRECT_OBJC_ISA_USAGE = YES_ERROR;
				CLANG_WARN_DOCUMENTATION_COMMENTS = YES;
				CLANG_WARN_EMPTY_BODY = YES;
				CLANG_WARN_ENUM_CONVERSION = YES;
				CLANG_WARN_INFINITE_RECURSION = YES;
				CLANG_WARN_INT_CONVERSION = YES;
				CLANG_WARN_OBJC_ROOT_CLASS = YES_ERROR;
				CLANG_WARN_SUSPICIOUS_MOVES = YES;
				CLANG_WARN_UNREACHABLE_CODE = YES;
				CLANG_WARN__DUPLICATE_METHOD_MATCH = YES;
				"CODE_SIGN_IDENTITY[sdk=iphoneos*]" = "iPhone Developer";
				COPY_PHASE_STRIP = NO;
				DEBUG_INFORMATION_FORMAT = "dwarf-with-dsym";
				ENABLE_NS_ASSERTIONS = NO;
				ENABLE_STRICT_OBJC_MSGSEND = YES;
				GCC_C_LANGUAGE_STANDARD = gnu99;
				GCC_NO_COMMON_BLOCKS = YES;
				GCC_WARN_64_TO_32_BIT_CONVERSION = YES;
				GCC_WARN_ABOUT_RETURN_TYPE = YES_ERROR;
				GCC_WARN_UNDECLARED_SELECTOR = YES;
				GCC_WARN_UNINITIALIZED_AUTOS = YES_AGGRESSIVE;
				GCC_WARN_UNUSED_FUNCTION = YES;
				GCC_WARN_UNUSED_VARIABLE = YES;
				IPHONEOS_DEPLOYMENT_TARGET = 10.0;
				MTL_ENABLE_DEBUG_INFO = NO;
				SDKROOT = iphoneos;
				SWIFT_OPTIMIZATION_LEVEL = "-Owholemodule";
				TARGETED_DEVICE_FAMILY = "1,2";
				VALIDATE_PRODUCT = YES;
			};
			name = Release;
		};
		26DBF0391DBE979200BB6030 /* Debug */ = {
			isa = XCBuildConfiguration;
			buildSettings = {
				ASSETCATALOG_COMPILER_APPICON_NAME = AppIcon;
				CODE_SIGN_IDENTITY = "iPhone Developer";
				"CODE_SIGN_IDENTITY[sdk=iphoneos*]" = "iPhone Developer";
				DEVELOPMENT_TEAM = YS4F7VX5G2;
				ENABLE_BITCODE = NO;
				FRAMEWORK_SEARCH_PATHS = (
					"$(inherited)",
					"$(PROJECT_DIR)/RokomariReader/libs",
				);
				INFOPLIST_FILE = RokomariReader/Info.plist;
				IPHONEOS_DEPLOYMENT_TARGET = 9.0;
				LD_RUNPATH_SEARCH_PATHS = "$(inherited) @executable_path/Frameworks";
				PRODUCT_BUNDLE_IDENTIFIER = com.swift.RokomariReader;
				PRODUCT_NAME = "$(TARGET_NAME)";
				SWIFT_OBJC_BRIDGING_HEADER = "RokomariReader/Resource/RokomariReader-Bridging-Header.h";
				SWIFT_VERSION = 2.3;
				TARGETED_DEVICE_FAMILY = "1,2";
			};
			name = Debug;
		};
		26DBF03A1DBE979200BB6030 /* Release */ = {
			isa = XCBuildConfiguration;
			buildSettings = {
				ASSETCATALOG_COMPILER_APPICON_NAME = AppIcon;
				CODE_SIGN_IDENTITY = "iPhone Developer";
				"CODE_SIGN_IDENTITY[sdk=iphoneos*]" = "iPhone Developer";
				DEVELOPMENT_TEAM = YS4F7VX5G2;
				ENABLE_BITCODE = NO;
				FRAMEWORK_SEARCH_PATHS = (
					"$(inherited)",
					"$(PROJECT_DIR)/RokomariReader/libs",
				);
				INFOPLIST_FILE = RokomariReader/Info.plist;
				IPHONEOS_DEPLOYMENT_TARGET = 9.0;
				LD_RUNPATH_SEARCH_PATHS = "$(inherited) @executable_path/Frameworks";
				PRODUCT_BUNDLE_IDENTIFIER = com.swift.RokomariReader;
				PRODUCT_NAME = "$(TARGET_NAME)";
				SWIFT_OBJC_BRIDGING_HEADER = "RokomariReader/Resource/RokomariReader-Bridging-Header.h";
				SWIFT_VERSION = 2.3;
				TARGETED_DEVICE_FAMILY = "1,2";
			};
			name = Release;
		};
		26DBF03C1DBE979200BB6030 /* Debug */ = {
			isa = XCBuildConfiguration;
			buildSettings = {
				ALWAYS_EMBED_SWIFT_STANDARD_LIBRARIES = YES;
				BUNDLE_LOADER = "$(TEST_HOST)";
				DEVELOPMENT_TEAM = YS4F7VX5G2;
				INFOPLIST_FILE = RokomariReaderTests/Info.plist;
				LD_RUNPATH_SEARCH_PATHS = "$(inherited) @executable_path/Frameworks @loader_path/Frameworks";
				PRODUCT_BUNDLE_IDENTIFIER = com.swift.RokomariReaderTests;
				PRODUCT_NAME = "$(TARGET_NAME)";
				SWIFT_VERSION = 3.0;
				TEST_HOST = "$(BUILT_PRODUCTS_DIR)/RokomariReader.app/RokomariReader";
			};
			name = Debug;
		};
		26DBF03D1DBE979200BB6030 /* Release */ = {
			isa = XCBuildConfiguration;
			buildSettings = {
				ALWAYS_EMBED_SWIFT_STANDARD_LIBRARIES = YES;
				BUNDLE_LOADER = "$(TEST_HOST)";
				DEVELOPMENT_TEAM = YS4F7VX5G2;
				INFOPLIST_FILE = RokomariReaderTests/Info.plist;
				LD_RUNPATH_SEARCH_PATHS = "$(inherited) @executable_path/Frameworks @loader_path/Frameworks";
				PRODUCT_BUNDLE_IDENTIFIER = com.swift.RokomariReaderTests;
				PRODUCT_NAME = "$(TARGET_NAME)";
				SWIFT_VERSION = 3.0;
				TEST_HOST = "$(BUILT_PRODUCTS_DIR)/RokomariReader.app/RokomariReader";
			};
			name = Release;
		};
		26DBF03F1DBE979200BB6030 /* Debug */ = {
			isa = XCBuildConfiguration;
			buildSettings = {
				ALWAYS_EMBED_SWIFT_STANDARD_LIBRARIES = YES;
				DEVELOPMENT_TEAM = YS4F7VX5G2;
				INFOPLIST_FILE = RokomariReaderUITests/Info.plist;
				LD_RUNPATH_SEARCH_PATHS = "$(inherited) @executable_path/Frameworks @loader_path/Frameworks";
				PRODUCT_BUNDLE_IDENTIFIER = com.swift.RokomariReaderUITests;
				PRODUCT_NAME = "$(TARGET_NAME)";
				SWIFT_VERSION = 3.0;
				TEST_TARGET_NAME = RokomariReader;
			};
			name = Debug;
		};
		26DBF0401DBE979200BB6030 /* Release */ = {
			isa = XCBuildConfiguration;
			buildSettings = {
				ALWAYS_EMBED_SWIFT_STANDARD_LIBRARIES = YES;
				DEVELOPMENT_TEAM = YS4F7VX5G2;
				INFOPLIST_FILE = RokomariReaderUITests/Info.plist;
				LD_RUNPATH_SEARCH_PATHS = "$(inherited) @executable_path/Frameworks @loader_path/Frameworks";
				PRODUCT_BUNDLE_IDENTIFIER = com.swift.RokomariReaderUITests;
				PRODUCT_NAME = "$(TARGET_NAME)";
				SWIFT_VERSION = 3.0;
				TEST_TARGET_NAME = RokomariReader;
			};
			name = Release;
		};
/* End XCBuildConfiguration section */

/* Begin XCConfigurationList section */
		26DBF00B1DBE979000BB6030 /* Build configuration list for PBXProject "RokomariReader" */ = {
			isa = XCConfigurationList;
			buildConfigurations = (
				26DBF0361DBE979200BB6030 /* Debug */,
				26DBF0371DBE979200BB6030 /* Release */,
			);
			defaultConfigurationIsVisible = 0;
			defaultConfigurationName = Release;
		};
		26DBF0381DBE979200BB6030 /* Build configuration list for PBXNativeTarget "RokomariReader" */ = {
			isa = XCConfigurationList;
			buildConfigurations = (
				26DBF0391DBE979200BB6030 /* Debug */,
				26DBF03A1DBE979200BB6030 /* Release */,
			);
			defaultConfigurationIsVisible = 0;
			defaultConfigurationName = Release;
		};
		26DBF03B1DBE979200BB6030 /* Build configuration list for PBXNativeTarget "RokomariReaderTests" */ = {
			isa = XCConfigurationList;
			buildConfigurations = (
				26DBF03C1DBE979200BB6030 /* Debug */,
				26DBF03D1DBE979200BB6030 /* Release */,
			);
			defaultConfigurationIsVisible = 0;
			defaultConfigurationName = Release;
		};
		26DBF03E1DBE979200BB6030 /* Build configuration list for PBXNativeTarget "RokomariReaderUITests" */ = {
			isa = XCConfigurationList;
			buildConfigurations = (
				26DBF03F1DBE979200BB6030 /* Debug */,
				26DBF0401DBE979200BB6030 /* Release */,
			);
			defaultConfigurationIsVisible = 0;
			defaultConfigurationName = Release;
		};
/* End XCConfigurationList section */

/* Begin XCVersionGroup section */
		260BB70F1DC1A720008472C2 /* RokomariReader.xcdatamodeld */ = {
			isa = XCVersionGroup;
			children = (
				260BB7101DC1A720008472C2 /* RokomariReader.xcdatamodel */,
			);
			currentVersion = 260BB7101DC1A720008472C2 /* RokomariReader.xcdatamodel */;
			path = RokomariReader.xcdatamodeld;
			sourceTree = "<group>";
			versionGroupType = wrapper.xcdatamodel;
		};
/* End XCVersionGroup section */
	};
	rootObject = 26DBF0081DBE979000BB6030 /* Project object */;
}
